
Microsoft Visual Studio Solution File, Format Version 12.00
# Visual Studio Version 16
VisualStudioVersion = 16.0.29905.134
MinimumVisualStudioVersion = 10.0.40219.1
Project("{9A19103F-16F7-4668-BE54-9A1E7A4F7556}") = "MyFunctionsApp", "MyFunctionsApp\MyFunctionsApp.csproj", "{55FC2EC7-D97D-47E0-B3AF-D0FE5657E2B0}"
EndProject
Project("{FAE04EC0-301F-11D3-BF4B-00C04F79EFBC}") = "Functions.Tests", "Functions.Tests\Functions.Tests.csproj", "{F79B1E43-B050-479A-9A01-3F37BCB596C0}"
EndProject
Global
	GlobalSection(SolutionConfigurationPlatforms) = preSolution
		Debug|Any CPU = Debug|Any CPU
		Release|Any CPU = Release|Any CPU
	EndGlobalSection
	GlobalSection(ProjectConfigurationPlatforms) = postSolution
		{55FC2EC7-D97D-47E0-B3AF-D0FE5657E2B0}.Debug|Any CPU.ActiveCfg = Debug|Any CPU
		{55FC2EC7-D97D-47E0-B3AF-D0FE5657E2B0}.Debug|Any CPU.Build.0 = Debug|Any CPU
		{55FC2EC7-D97D-47E0-B3AF-D0FE5657E2B0}.Release|Any CPU.ActiveCfg = Release|Any CPU
		{55FC2EC7-D97D-47E0-B3AF-D0FE5657E2B0}.Release|Any CPU.Build.0 = Release|Any CPU
		{F79B1E43-B050-479A-9A01-3F37BCB596C0}.Debug|Any CPU.ActiveCfg = Debug|Any CPU
		{F79B1E43-B050-479A-9A01-3F37BCB596C0}.Debug|Any CPU.Build.0 = Debug|Any CPU
		{F79B1E43-B050-479A-9A01-3F37BCB596C0}.Release|Any CPU.ActiveCfg = Release|Any CPU
		{F79B1E43-B050-479A-9A01-3F37BCB596C0}.Release|Any CPU.Build.0 = Release|Any CPU
	EndGlobalSection
	GlobalSection(SolutionProperties) = preSolution
		HideSolutionNode = FALSE
	EndGlobalSection
	GlobalSection(ExtensibilityGlobals) = postSolution
		SolutionGuid = {94A40513-F4EC-4F3E-B56C-BAF60F652718}
	EndGlobalSection
EndGlobal
